// !$*UTF8*$!
{
	archiveVersion = 1;
	classes = {
	};
	objectVersion = 77;
	objects = {

/* Begin PBXBuildFile section */
		5335279A2EA7870D002E095A /* WidgetKit.framework in Frameworks */ = {isa = PBXBuildFile; fileRef = 533527992EA7870C002E095A /* WidgetKit.framework */; };
		5335279C2EA7870D002E095A /* SwiftUI.framework in Frameworks */ = {isa = PBXBuildFile; fileRef = 5335279B2EA7870D002E095A /* SwiftUI.framework */; };
		533527AB2EA7870E002E095A /* SOSWidgetExtension.appex in Embed Foundation Extensions */ = {isa = PBXBuildFile; fileRef = 533527982EA7870C002E095A /* SOSWidgetExtension.appex */; settings = {ATTRIBUTES = (RemoveHeadersOnCopy, ); }; };
		539C50252E8E8AD300A6F569 /* RevenueCat in Frameworks */ = {isa = PBXBuildFile; productRef = 539C50242E8E8AD300A6F569 /* RevenueCat */; };
		539C52AC2E8EB3EA00A6F569 /* Mixpanel in Frameworks */ = {isa = PBXBuildFile; productRef = 539C52AB2E8EB3EA00A6F569 /* Mixpanel */; };
		539C567E2E96E47F00A6F569 /* StoreKit.framework in Frameworks */ = {isa = PBXBuildFile; fileRef = 539C567D2E96E47F00A6F569 /* StoreKit.framework */; };
		539C57242E9BEFC500A6F569 /* RevenueCatUI in Frameworks */ = {isa = PBXBuildFile; productRef = 539C57232E9BEFC500A6F569 /* RevenueCatUI */; };
		539C58022E9D000000A6F569 /* AppsFlyerLib in Frameworks */ = {isa = PBXBuildFile; productRef = 539C58012E9D000000A6F569 /* AppsFlyerLib */; };
/* End PBXBuildFile section */

/* Begin PBXContainerItemProxy section */
		533527A92EA7870E002E095A /* PBXContainerItemProxy */ = {
			isa = PBXContainerItemProxy;
			containerPortal = 539C4F982E88458800A6F569 /* Project object */;
			proxyType = 1;
			remoteGlobalIDString = 533527972EA7870C002E095A;
			remoteInfo = SOSWidgetExtension;
		};
/* End PBXContainerItemProxy section */

/* Begin PBXCopyFilesBuildPhase section */
		533527B02EA7870E002E095A /* Embed Foundation Extensions */ = {
			isa = PBXCopyFilesBuildPhase;
			buildActionMask = 2147483647;
			dstPath = "";
			dstSubfolderSpec = 13;
			files = (
				533527AB2EA7870E002E095A /* SOSWidgetExtension.appex in Embed Foundation Extensions */,
			);
			name = "Embed Foundation Extensions";
			runOnlyForDeploymentPostprocessing = 0;
		};
/* End PBXCopyFilesBuildPhase section */

/* Begin PBXFileReference section */
		533527982EA7870C002E095A /* SOSWidgetExtension.appex */ = {isa = PBXFileReference; explicitFileType = "wrapper.app-extension"; includeInIndex = 0; path = SOSWidgetExtension.appex; sourceTree = BUILT_PRODUCTS_DIR; };
		533527992EA7870C002E095A /* WidgetKit.framework */ = {isa = PBXFileReference; lastKnownFileType = wrapper.framework; name = WidgetKit.framework; path = System/Library/Frameworks/WidgetKit.framework; sourceTree = SDKROOT; };
		5335279B2EA7870D002E095A /* SwiftUI.framework */ = {isa = PBXFileReference; lastKnownFileType = wrapper.framework; name = SwiftUI.framework; path = System/Library/Frameworks/SwiftUI.framework; sourceTree = SDKROOT; };
		5335286E2EA78A08002E095A /* SOSWidgetExtension.entitlements */ = {isa = PBXFileReference; lastKnownFileType = text.plist.entitlements; path = SOSWidgetExtension.entitlements; sourceTree = "<group>"; };
		539C4FA02E88458800A6F569 /* anxietyapp.app */ = {isa = PBXFileReference; explicitFileType = wrapper.application; includeInIndex = 0; path = anxietyapp.app; sourceTree = BUILT_PRODUCTS_DIR; };
		539C567D2E96E47F00A6F569 /* StoreKit.framework */ = {isa = PBXFileReference; lastKnownFileType = wrapper.framework; name = StoreKit.framework; path = System/Library/Frameworks/StoreKit.framework; sourceTree = SDKROOT; };
/* End PBXFileReference section */

/* Begin PBXFileSystemSynchronizedBuildFileExceptionSet section */
		533527AF2EA7870E002E095A /* Exceptions for "SOSWidget" folder in "SOSWidgetExtension" target */ = {
			isa = PBXFileSystemSynchronizedBuildFileExceptionSet;
			membershipExceptions = (
				Info.plist,
			);
			target = 533527972EA7870C002E095A /* SOSWidgetExtension */;
		};
		5335286D2EA78924002E095A /* Exceptions for "anxietyapp" folder in "SOSWidgetExtension" target */ = {
			isa = PBXFileSystemSynchronizedBuildFileExceptionSet;
			membershipExceptions = (
				Shared/AppGroup.swift,
			);
			target = 533527972EA7870C002E095A /* SOSWidgetExtension */;
		};
		539C4FA32E88458801A6F569 /* Exceptions for "anxietyapp" folder in "anxietyapp" target */ = {
			isa = PBXFileSystemSynchronizedBuildFileExceptionSet;
			membershipExceptions = (
				Info.plist,
			);
			target = 539C4F9F2E88458800A6F569 /* anxietyapp */;
		};
/* End PBXFileSystemSynchronizedBuildFileExceptionSet section */

/* Begin PBXFileSystemSynchronizedRootGroup section */
		5335279D2EA7870D002E095A /* SOSWidget */ = {
			isa = PBXFileSystemSynchronizedRootGroup;
			exceptions = (
				533527AF2EA7870E002E095A /* Exceptions for "SOSWidget" folder in "SOSWidgetExtension" target */,
			);
			path = SOSWidget;
			sourceTree = "<group>";
		};
		539C4FA22E88458800A6F569 /* anxietyapp */ = {
			isa = PBXFileSystemSynchronizedRootGroup;
			exceptions = (
				539C4FA32E88458801A6F569 /* Exceptions for "anxietyapp" folder in "anxietyapp" target */,
				5335286D2EA78924002E095A /* Exceptions for "anxietyapp" folder in "SOSWidgetExtension" target */,
			);
			path = anxietyapp;
			sourceTree = "<group>";
		};
/* End PBXFileSystemSynchronizedRootGroup section */

/* Begin PBXFrameworksBuildPhase section */
		533527952EA7870C002E095A /* Frameworks */ = {
			isa = PBXFrameworksBuildPhase;
			buildActionMask = 2147483647;
			files = (
				5335279C2EA7870D002E095A /* SwiftUI.framework in Frameworks */,
				5335279A2EA7870D002E095A /* WidgetKit.framework in Frameworks */,
			);
			runOnlyForDeploymentPostprocessing = 0;
		};
		539C4F9D2E88458800A6F569 /* Frameworks */ = {
			isa = PBXFrameworksBuildPhase;
			buildActionMask = 2147483647;
			files = (
				539C57242E9BEFC500A6F569 /* RevenueCatUI in Frameworks */,
				539C567E2E96E47F00A6F569 /* StoreKit.framework in Frameworks */,
				539C52AC2E8EB3EA00A6F569 /* Mixpanel in Frameworks */,
				539C50252E8E8AD300A6F569 /* RevenueCat in Frameworks */,
				539C58022E9D000000A6F569 /* AppsFlyerLib in Frameworks */,
			);
			runOnlyForDeploymentPostprocessing = 0;
		};
/* End PBXFrameworksBuildPhase section */

/* Begin PBXGroup section */
		539C4F972E88458800A6F569 = {
			isa = PBXGroup;
			children = (
				5335286E2EA78A08002E095A /* SOSWidgetExtension.entitlements */,
				539C4FA22E88458800A6F569 /* anxietyapp */,
				5335279D2EA7870D002E095A /* SOSWidget */,
				539C567C2E96E47F00A6F569 /* Frameworks */,
				539C4FA12E88458800A6F569 /* Products */,
			);
			sourceTree = "<group>";
		};
		539C4FA12E88458800A6F569 /* Products */ = {
			isa = PBXGroup;
			children = (
				539C4FA02E88458800A6F569 /* anxietyapp.app */,
				533527982EA7870C002E095A /* SOSWidgetExtension.appex */,
			);
			name = Products;
			sourceTree = "<group>";
		};
		539C567C2E96E47F00A6F569 /* Frameworks */ = {
			isa = PBXGroup;
			children = (
				539C567D2E96E47F00A6F569 /* StoreKit.framework */,
				533527992EA7870C002E095A /* WidgetKit.framework */,
				5335279B2EA7870D002E095A /* SwiftUI.framework */,
			);
			name = Frameworks;
			sourceTree = "<group>";
		};
/* End PBXGroup section */

/* Begin PBXNativeTarget section */
		533527972EA7870C002E095A /* SOSWidgetExtension */ = {
			isa = PBXNativeTarget;
			buildConfigurationList = 533527AC2EA7870E002E095A /* Build configuration list for PBXNativeTarget "SOSWidgetExtension" */;
			buildPhases = (
				533527942EA7870C002E095A /* Sources */,
				533527952EA7870C002E095A /* Frameworks */,
				533527962EA7870C002E095A /* Resources */,
			);
			buildRules = (
			);
			dependencies = (
			);
			fileSystemSynchronizedGroups = (
				5335279D2EA7870D002E095A /* SOSWidget */,
			);
			name = SOSWidgetExtension;
			packageProductDependencies = (
			);
			productName = SOSWidgetExtension;
			productReference = 533527982EA7870C002E095A /* SOSWidgetExtension.appex */;
			productType = "com.apple.product-type.app-extension";
		};
		539C4F9F2E88458800A6F569 /* anxietyapp */ = {
			isa = PBXNativeTarget;
			buildConfigurationList = 539C4FAB2E88458900A6F569 /* Build configuration list for PBXNativeTarget "anxietyapp" */;
			buildPhases = (
				539C4F9C2E88458800A6F569 /* Sources */,
				539C4F9D2E88458800A6F569 /* Frameworks */,
				539C4F9E2E88458800A6F569 /* Resources */,
				533527B02EA7870E002E095A /* Embed Foundation Extensions */,
			);
			buildRules = (
			);
			dependencies = (
				533527AA2EA7870E002E095A /* PBXTargetDependency */,
			);
			fileSystemSynchronizedGroups = (
				539C4FA22E88458800A6F569 /* anxietyapp */,
			);
			name = anxietyapp;
			packageProductDependencies = (
				539C50242E8E8AD300A6F569 /* RevenueCat */,
				539C52AB2E8EB3EA00A6F569 /* Mixpanel */,
				539C57232E9BEFC500A6F569 /* RevenueCatUI */,
				539C58012E9D000000A6F569 /* AppsFlyerLib */,
			);
			productName = anxietyapp;
			productReference = 539C4FA02E88458800A6F569 /* anxietyapp.app */;
			productType = "com.apple.product-type.application";
		};
/* End PBXNativeTarget section */

/* Begin PBXProject section */
		539C4F982E88458800A6F569 /* Project object */ = {
			isa = PBXProject;
			attributes = {
				BuildIndependentTargetsInParallel = 1;
				LastSwiftUpdateCheck = 2600;
				LastUpgradeCheck = 2600;
				TargetAttributes = {
					533527972EA7870C002E095A = {
						CreatedOnToolsVersion = 26.0.1;
					};
					539C4F9F2E88458800A6F569 = {
						CreatedOnToolsVersion = 26.0.1;
					};
				};
			};
			buildConfigurationList = 539C4F9B2E88458800A6F569 /* Build configuration list for PBXProject "anxietyapp" */;
			developmentRegion = en;
			hasScannedForEncodings = 0;
			knownRegions = (
				en,
				Base,
			);
			mainGroup = 539C4F972E88458800A6F569;
			minimizedProjectReferenceProxies = 1;
			packageReferences = (
				539C501B2E8E848400A6F569 /* XCRemoteSwiftPackageReference "purchases-ios" */,
				539C52AA2E8EB3EA00A6F569 /* XCRemoteSwiftPackageReference "mixpanel-swift" */,
				539C58002E9D000000A6F569 /* XCRemoteSwiftPackageReference "AppsFlyerFramework" */,
			);
			preferredProjectObjectVersion = 77;
			productRefGroup = 539C4FA12E88458800A6F569 /* Products */;
			projectDirPath = "";
			projectRoot = "";
			targets = (
				539C4F9F2E88458800A6F569 /* anxietyapp */,
				533527972EA7870C002E095A /* SOSWidgetExtension */,
			);
		};
/* End PBXProject section */

/* Begin PBXResourcesBuildPhase section */
		533527962EA7870C002E095A /* Resources */ = {
			isa = PBXResourcesBuildPhase;
			buildActionMask = 2147483647;
			files = (
			);
			runOnlyForDeploymentPostprocessing = 0;
		};
		539C4F9E2E88458800A6F569 /* Resources */ = {
			isa = PBXResourcesBuildPhase;
			buildActionMask = 2147483647;
			files = (
			);
			runOnlyForDeploymentPostprocessing = 0;
		};
/* End PBXResourcesBuildPhase section */

/* Begin PBXSourcesBuildPhase section */
		533527942EA7870C002E095A /* Sources */ = {
			isa = PBXSourcesBuildPhase;
			buildActionMask = 2147483647;
			files = (
			);
			runOnlyForDeploymentPostprocessing = 0;
		};
		539C4F9C2E88458800A6F569 /* Sources */ = {
			isa = PBXSourcesBuildPhase;
			buildActionMask = 2147483647;
			files = (
			);
			runOnlyForDeploymentPostprocessing = 0;
		};
/* End PBXSourcesBuildPhase section */

/* Begin PBXTargetDependency section */
		533527AA2EA7870E002E095A /* PBXTargetDependency */ = {
			isa = PBXTargetDependency;
			target = 533527972EA7870C002E095A /* SOSWidgetExtension */;
			targetProxy = 533527A92EA7870E002E095A /* PBXContainerItemProxy */;
		};
/* End PBXTargetDependency section */

/* Begin XCBuildConfiguration section */
		533527AD2EA7870E002E095A /* Debug */ = {
			isa = XCBuildConfiguration;
			buildSettings = {
				ASSETCATALOG_COMPILER_GLOBAL_ACCENT_COLOR_NAME = AccentColor;
				ASSETCATALOG_COMPILER_WIDGET_BACKGROUND_COLOR_NAME = WidgetBackground;
				CODE_SIGN_ENTITLEMENTS = SOSWidgetExtension.entitlements;
				CODE_SIGN_IDENTITY = "Apple Development";
				CODE_SIGN_STYLE = Automatic;
				CURRENT_PROJECT_VERSION = 2;
				DEVELOPMENT_TEAM = HZF8D6VSG2;
				GENERATE_INFOPLIST_FILE = YES;
				INFOPLIST_FILE = SOSWidget/Info.plist;
				INFOPLIST_KEY_CFBundleDisplayName = SOSWidget;
				INFOPLIST_KEY_NSHumanReadableCopyright = "";
				IPHONEOS_DEPLOYMENT_TARGET = 16.6;
				LD_RUNPATH_SEARCH_PATHS = (
					"$(inherited)",
					"@executable_path/Frameworks",
					"@executable_path/../../Frameworks",
				);
				MARKETING_VERSION = 1.2.0;
				PRODUCT_BUNDLE_IDENTIFIER = eunoia.anxietyapp.SOSWidget;
				PRODUCT_NAME = "$(TARGET_NAME)";
				SKIP_INSTALL = YES;
				STRING_CATALOG_GENERATE_SYMBOLS = YES;
				SWIFT_APPROACHABLE_CONCURRENCY = YES;
				SWIFT_EMIT_LOC_STRINGS = YES;
				SWIFT_UPCOMING_FEATURE_MEMBER_IMPORT_VISIBILITY = YES;
				SWIFT_VERSION = 5.0;
				TARGETED_DEVICE_FAMILY = "1,2";
			};
			name = Debug;
		};
		533527AE2EA7870E002E095A /* Release */ = {
			isa = XCBuildConfiguration;
			buildSettings = {
				ASSETCATALOG_COMPILER_GLOBAL_ACCENT_COLOR_NAME = AccentColor;
				ASSETCATALOG_COMPILER_WIDGET_BACKGROUND_COLOR_NAME = WidgetBackground;
				CODE_SIGN_ENTITLEMENTS = SOSWidgetExtension.entitlements;
				CODE_SIGN_IDENTITY = "Apple Development";
				CODE_SIGN_STYLE = Automatic;
				CURRENT_PROJECT_VERSION = 2;
				DEVELOPMENT_TEAM = HZF8D6VSG2;
				GENERATE_INFOPLIST_FILE = YES;
				INFOPLIST_FILE = SOSWidget/Info.plist;
				INFOPLIST_KEY_CFBundleDisplayName = SOSWidget;
				INFOPLIST_KEY_NSHumanReadableCopyright = "";
				IPHONEOS_DEPLOYMENT_TARGET = 16.6;
				LD_RUNPATH_SEARCH_PATHS = (
					"$(inherited)",
					"@executable_path/Frameworks",
					"@executable_path/../../Frameworks",
				);
				MARKETING_VERSION = 1.2.0;
				PRODUCT_BUNDLE_IDENTIFIER = eunoia.anxietyapp.SOSWidget;
				PRODUCT_NAME = "$(TARGET_NAME)";
				SKIP_INSTALL = YES;
				STRING_CATALOG_GENERATE_SYMBOLS = YES;
				SWIFT_APPROACHABLE_CONCURRENCY = YES;
				SWIFT_EMIT_LOC_STRINGS = YES;
				SWIFT_UPCOMING_FEATURE_MEMBER_IMPORT_VISIBILITY = YES;
				SWIFT_VERSION = 5.0;
				TARGETED_DEVICE_FAMILY = "1,2";
			};
			name = Release;
		};
		539C4FA92E88458900A6F569 /* Debug */ = {
			isa = XCBuildConfiguration;
			buildSettings = {
				ALWAYS_SEARCH_USER_PATHS = NO;
				ASSETCATALOG_COMPILER_GENERATE_SWIFT_ASSET_SYMBOL_EXTENSIONS = YES;
				CLANG_ANALYZER_NONNULL = YES;
				CLANG_ANALYZER_NUMBER_OBJECT_CONVERSION = YES_AGGRESSIVE;
				CLANG_CXX_LANGUAGE_STANDARD = "gnu++20";
				CLANG_ENABLE_MODULES = YES;
				CLANG_ENABLE_OBJC_ARC = YES;
				CLANG_ENABLE_OBJC_WEAK = YES;
				CLANG_WARN_BLOCK_CAPTURE_AUTORELEASING = YES;
				CLANG_WARN_BOOL_CONVERSION = YES;
				CLANG_WARN_COMMA = YES;
				CLANG_WARN_CONSTANT_CONVERSION = YES;
				CLANG_WARN_DEPRECATED_OBJC_IMPLEMENTATIONS = YES;
				CLANG_WARN_DIRECT_OBJC_ISA_USAGE = YES_ERROR;
				CLANG_WARN_DOCUMENTATION_COMMENTS = YES;
				CLANG_WARN_EMPTY_BODY = YES;
				CLANG_WARN_ENUM_CONVERSION = YES;
				CLANG_WARN_INFINITE_RECURSION = YES;
				CLANG_WARN_INT_CONVERSION = YES;
				CLANG_WARN_NON_LITERAL_NULL_CONVERSION = YES;
				CLANG_WARN_OBJC_IMPLICIT_RETAIN_SELF = YES;
				CLANG_WARN_OBJC_LITERAL_CONVERSION = YES;
				CLANG_WARN_OBJC_ROOT_CLASS = YES_ERROR;
				CLANG_WARN_QUOTED_INCLUDE_IN_FRAMEWORK_HEADER = YES;
				CLANG_WARN_RANGE_LOOP_ANALYSIS = YES;
				CLANG_WARN_STRICT_PROTOTYPES = YES;
				CLANG_WARN_SUSPICIOUS_MOVE = YES;
				CLANG_WARN_UNGUARDED_AVAILABILITY = YES_AGGRESSIVE;
				CLANG_WARN_UNREACHABLE_CODE = YES;
				CLANG_WARN__DUPLICATE_METHOD_MATCH = YES;
				COPY_PHASE_STRIP = NO;
				DEBUG_INFORMATION_FORMAT = dwarf;
				ENABLE_STRICT_OBJC_MSGSEND = YES;
				ENABLE_TESTABILITY = YES;
				ENABLE_USER_SCRIPT_SANDBOXING = YES;
				GCC_C_LANGUAGE_STANDARD = gnu17;
				GCC_DYNAMIC_NO_PIC = NO;
				GCC_NO_COMMON_BLOCKS = YES;
				GCC_OPTIMIZATION_LEVEL = 0;
				GCC_PREPROCESSOR_DEFINITIONS = (
					"DEBUG=1",
					"$(inherited)",
				);
				GCC_WARN_64_TO_32_BIT_CONVERSION = YES;
				GCC_WARN_ABOUT_RETURN_TYPE = YES_ERROR;
				GCC_WARN_UNDECLARED_SELECTOR = YES;
				GCC_WARN_UNINITIALIZED_AUTOS = YES_AGGRESSIVE;
				GCC_WARN_UNUSED_FUNCTION = YES;
				GCC_WARN_UNUSED_VARIABLE = YES;
				IPHONEOS_DEPLOYMENT_TARGET = 16.6;
				LOCALIZATION_PREFERS_STRING_CATALOGS = YES;
				MTL_ENABLE_DEBUG_INFO = INCLUDE_SOURCE;
				MTL_FAST_MATH = YES;
				ONLY_ACTIVE_ARCH = YES;
				SDKROOT = iphoneos;
				SWIFT_ACTIVE_COMPILATION_CONDITIONS = "DEBUG $(inherited)";
				SWIFT_OPTIMIZATION_LEVEL = "-Onone";
			};
			name = Debug;
		};
		539C4FAA2E88458900A6F569 /* Release */ = {
			isa = XCBuildConfiguration;
			buildSettings = {
				ALWAYS_SEARCH_USER_PATHS = NO;
				ASSETCATALOG_COMPILER_GENERATE_SWIFT_ASSET_SYMBOL_EXTENSIONS = YES;
				CLANG_ANALYZER_NONNULL = YES;
				CLANG_ANALYZER_NUMBER_OBJECT_CONVERSION = YES_AGGRESSIVE;
				CLANG_CXX_LANGUAGE_STANDARD = "gnu++20";
				CLANG_ENABLE_MODULES = YES;
				CLANG_ENABLE_OBJC_ARC = YES;
				CLANG_ENABLE_OBJC_WEAK = YES;
				CLANG_WARN_BLOCK_CAPTURE_AUTORELEASING = YES;
				CLANG_WARN_BOOL_CONVERSION = YES;
				CLANG_WARN_COMMA = YES;
				CLANG_WARN_CONSTANT_CONVERSION = YES;
				CLANG_WARN_DEPRECATED_OBJC_IMPLEMENTATIONS = YES;
				CLANG_WARN_DIRECT_OBJC_ISA_USAGE = YES_ERROR;
				CLANG_WARN_DOCUMENTATION_COMMENTS = YES;
				CLANG_WARN_EMPTY_BODY = YES;
				CLANG_WARN_ENUM_CONVERSION = YES;
				CLANG_WARN_INFINITE_RECURSION = YES;
				CLANG_WARN_INT_CONVERSION = YES;
				CLANG_WARN_NON_LITERAL_NULL_CONVERSION = YES;
				CLANG_WARN_OBJC_IMPLICIT_RETAIN_SELF = YES;
				CLANG_WARN_OBJC_LITERAL_CONVERSION = YES;
				CLANG_WARN_OBJC_ROOT_CLASS = YES_ERROR;
				CLANG_WARN_QUOTED_INCLUDE_IN_FRAMEWORK_HEADER = YES;
				CLANG_WARN_RANGE_LOOP_ANALYSIS = YES;
				CLANG_WARN_STRICT_PROTOTYPES = YES;
				CLANG_WARN_SUSPICIOUS_MOVE = YES;
				CLANG_WARN_UNGUARDED_AVAILABILITY = YES_AGGRESSIVE;
				CLANG_WARN_UNREACHABLE_CODE = YES;
				CLANG_WARN__DUPLICATE_METHOD_MATCH = YES;
				COPY_PHASE_STRIP = NO;
				DEBUG_INFORMATION_FORMAT = "dwarf-with-dsym";
				ENABLE_NS_ASSERTIONS = NO;
				ENABLE_STRICT_OBJC_MSGSEND = YES;
				ENABLE_USER_SCRIPT_SANDBOXING = YES;
				GCC_C_LANGUAGE_STANDARD = gnu17;
				GCC_NO_COMMON_BLOCKS = YES;
				GCC_WARN_64_TO_32_BIT_CONVERSION = YES;
				GCC_WARN_ABOUT_RETURN_TYPE = YES_ERROR;
				GCC_WARN_UNDECLARED_SELECTOR = YES;
				GCC_WARN_UNINITIALIZED_AUTOS = YES_AGGRESSIVE;
				GCC_WARN_UNUSED_FUNCTION = YES;
				GCC_WARN_UNUSED_VARIABLE = YES;
				IPHONEOS_DEPLOYMENT_TARGET = 16.6;
				LOCALIZATION_PREFERS_STRING_CATALOGS = YES;
				MTL_ENABLE_DEBUG_INFO = NO;
				MTL_FAST_MATH = YES;
				SDKROOT = iphoneos;
				SWIFT_COMPILATION_MODE = wholemodule;
				VALIDATE_PRODUCT = YES;
			};
			name = Release;
		};
		539C4FAC2E88458900A6F569 /* Debug */ = {
			isa = XCBuildConfiguration;
			buildSettings = {
				ASSETCATALOG_COMPILER_APPICON_NAME = AppIcon;
				ASSETCATALOG_COMPILER_GLOBAL_ACCENT_COLOR_NAME = AccentColor;
				CODE_SIGN_ENTITLEMENTS = anxietyapp/anxietyapp.entitlements;
				CODE_SIGN_IDENTITY = "Apple Development";
				CODE_SIGN_STYLE = Automatic;
				CURRENT_PROJECT_VERSION = 2;
				DEVELOPMENT_TEAM = HZF8D6VSG2;
				ENABLE_PREVIEWS = YES;
				GENERATE_INFOPLIST_FILE = NO;
				INFOPLIST_FILE = anxietyapp/Info.plist;
				INFOPLIST_KEY_CFBundleDisplayName = Nuvin;
				INFOPLIST_KEY_LSApplicationCategoryType = "public.app-category.healthcare-fitness";
				INFOPLIST_KEY_UIApplicationSceneManifest_Generation = YES;
				INFOPLIST_KEY_UIApplicationSupportsIndirectInputEvents = YES;
				INFOPLIST_KEY_UILaunchScreen_Generation = NO;
				INFOPLIST_KEY_UILaunchStoryboardName = LaunchScreen;
				INFOPLIST_KEY_UISupportedInterfaceOrientations_iPad = "UIInterfaceOrientationPortrait UIInterfaceOrientationPortraitUpsideDown UIInterfaceOrientationLandscapeLeft UIInterfaceOrientationLandscapeRight";
				INFOPLIST_KEY_UISupportedInterfaceOrientations_iPhone = "UIInterfaceOrientationPortrait UIInterfaceOrientationLandscapeLeft UIInterfaceOrientationLandscapeRight";
				IPHONEOS_DEPLOYMENT_TARGET = 16.6;
				LD_RUNPATH_SEARCH_PATHS = (
					"$(inherited)",
					"@executable_path/Frameworks",
				);
				MARKETING_VERSION = 1.2.0;
				PRODUCT_BUNDLE_IDENTIFIER = eunoia.anxietyapp;
				PRODUCT_NAME = "$(TARGET_NAME)";
				PROVISIONING_PROFILE_SPECIFIER = "";
				STRING_CATALOG_GENERATE_SYMBOLS = YES;
				SUPPORTED_PLATFORMS = "iphoneos iphonesimulator";
				SUPPORTS_MACCATALYST = NO;
				SUPPORTS_MAC_DESIGNED_FOR_IPHONE_IPAD = NO;
				SUPPORTS_XR_DESIGNED_FOR_IPHONE_IPAD = NO;
				SWIFT_APPROACHABLE_CONCURRENCY = YES;
				SWIFT_DEFAULT_ACTOR_ISOLATION = MainActor;
				SWIFT_EMIT_LOC_STRINGS = YES;
				SWIFT_UPCOMING_FEATURE_MEMBER_IMPORT_VISIBILITY = YES;
				SWIFT_VERSION = 5.0;
				TARGETED_DEVICE_FAMILY = 1;
			};
			name = Debug;
		};
		539C4FAD2E88458900A6F569 /* Release */ = {
			isa = XCBuildConfiguration;
			buildSettings = {
				ASSETCATALOG_COMPILER_APPICON_NAME = AppIcon;
				ASSETCATALOG_COMPILER_GLOBAL_ACCENT_COLOR_NAME = AccentColor;
				CODE_SIGN_ENTITLEMENTS = anxietyapp/anxietyapp.entitlements;
				CODE_SIGN_IDENTITY = "Apple Development";
				CODE_SIGN_STYLE = Automatic;
				CURRENT_PROJECT_VERSION = 2;
				DEVELOPMENT_TEAM = HZF8D6VSG2;
				ENABLE_PREVIEWS = YES;
				GENERATE_INFOPLIST_FILE = NO;
				INFOPLIST_FILE = anxietyapp/Info.plist;
				INFOPLIST_KEY_CFBundleDisplayName = Nuvin;
				INFOPLIST_KEY_LSApplicationCategoryType = "public.app-category.healthcare-fitness";
				INFOPLIST_KEY_UIApplicationSceneManifest_Generation = YES;
				INFOPLIST_KEY_UIApplicationSupportsIndirectInputEvents = YES;
				INFOPLIST_KEY_UILaunchScreen_Generation = NO;
				INFOPLIST_KEY_UILaunchStoryboardName = LaunchScreen;
				INFOPLIST_KEY_UISupportedInterfaceOrientations_iPad = "UIInterfaceOrientationPortrait UIInterfaceOrientationPortraitUpsideDown UIInterfaceOrientationLandscapeLeft UIInterfaceOrientationLandscapeRight";
				INFOPLIST_KEY_UISupportedInterfaceOrientations_iPhone = "UIInterfaceOrientationPortrait UIInterfaceOrientationLandscapeLeft UIInterfaceOrientationLandscapeRight";
				IPHONEOS_DEPLOYMENT_TARGET = 16.6;
				LD_RUNPATH_SEARCH_PATHS = (
					"$(inherited)",
					"@executable_path/Frameworks",
				);
				MARKETING_VERSION = 1.2.0;
				PRODUCT_BUNDLE_IDENTIFIER = eunoia.anxietyapp;
				PRODUCT_NAME = "$(TARGET_NAME)";
				PROVISIONING_PROFILE_SPECIFIER = "";
				STRING_CATALOG_GENERATE_SYMBOLS = YES;
				SUPPORTED_PLATFORMS = "iphoneos iphonesimulator";
				SUPPORTS_MACCATALYST = NO;
				SUPPORTS_MAC_DESIGNED_FOR_IPHONE_IPAD = NO;
				SUPPORTS_XR_DESIGNED_FOR_IPHONE_IPAD = NO;
				SWIFT_APPROACHABLE_CONCURRENCY = YES;
				SWIFT_DEFAULT_ACTOR_ISOLATION = MainActor;
				SWIFT_EMIT_LOC_STRINGS = YES;
				SWIFT_UPCOMING_FEATURE_MEMBER_IMPORT_VISIBILITY = YES;
				SWIFT_VERSION = 5.0;
				TARGETED_DEVICE_FAMILY = 1;
			};
			name = Release;
		};
/* End XCBuildConfiguration section */

/* Begin XCConfigurationList section */
		533527AC2EA7870E002E095A /* Build configuration list for PBXNativeTarget "SOSWidgetExtension" */ = {
			isa = XCConfigurationList;
			buildConfigurations = (
				533527AD2EA7870E002E095A /* Debug */,
				533527AE2EA7870E002E095A /* Release */,
			);
			defaultConfigurationIsVisible = 0;
			defaultConfigurationName = Release;
		};
		539C4F9B2E88458800A6F569 /* Build configuration list for PBXProject "anxietyapp" */ = {
			isa = XCConfigurationList;
			buildConfigurations = (
				539C4FA92E88458900A6F569 /* Debug */,
				539C4FAA2E88458900A6F569 /* Release */,
			);
			defaultConfigurationIsVisible = 0;
			defaultConfigurationName = Release;
		};
		539C4FAB2E88458900A6F569 /* Build configuration list for PBXNativeTarget "anxietyapp" */ = {
			isa = XCConfigurationList;
			buildConfigurations = (
				539C4FAC2E88458900A6F569 /* Debug */,
				539C4FAD2E88458900A6F569 /* Release */,
			);
			defaultConfigurationIsVisible = 0;
			defaultConfigurationName = Release;
		};
/* End XCConfigurationList section */

/* Begin XCRemoteSwiftPackageReference section */
		539C501B2E8E848400A6F569 /* XCRemoteSwiftPackageReference "purchases-ios" */ = {
			isa = XCRemoteSwiftPackageReference;
			repositoryURL = "https://github.com/RevenueCat/purchases-ios";
			requirement = {
				kind = upToNextMajorVersion;
				minimumVersion = 5.40.0;
			};
		};
		539C52AA2E8EB3EA00A6F569 /* XCRemoteSwiftPackageReference "mixpanel-swift" */ = {
			isa = XCRemoteSwiftPackageReference;
			repositoryURL = "https://github.com/mixpanel/mixpanel-swift.git";
			requirement = {
				branch = master;
				kind = branch;
			};
		};
		539C58002E9D000000A6F569 /* XCRemoteSwiftPackageReference "AppsFlyerFramework" */ = {
			isa = XCRemoteSwiftPackageReference;
			repositoryURL = "https://github.com/AppsFlyerSDK/AppsFlyerFramework";
			requirement = {
				kind = upToNextMajorVersion;
				minimumVersion = 6.14.0;
			};
		};
/* End XCRemoteSwiftPackageReference section */

/* Begin XCSwiftPackageProductDependency section */
		539C50242E8E8AD300A6F569 /* RevenueCat */ = {
			isa = XCSwiftPackageProductDependency;
			package = 539C501B2E8E848400A6F569 /* XCRemoteSwiftPackageReference "purchases-ios" */;
			productName = RevenueCat;
		};
		539C52AB2E8EB3EA00A6F569 /* Mixpanel */ = {
			isa = XCSwiftPackageProductDependency;
			package = 539C52AA2E8EB3EA00A6F569 /* XCRemoteSwiftPackageReference "mixpanel-swift" */;
			productName = Mixpanel;
		};
		539C57232E9BEFC500A6F569 /* RevenueCatUI */ = {
			isa = XCSwiftPackageProductDependency;
			package = 539C501B2E8E848400A6F569 /* XCRemoteSwiftPackageReference "purchases-ios" */;
			productName = RevenueCatUI;
		};
		539C58012E9D000000A6F569 /* AppsFlyerLib */ = {
			isa = XCSwiftPackageProductDependency;
			package = 539C58002E9D000000A6F569 /* XCRemoteSwiftPackageReference "AppsFlyerFramework" */;
			productName = AppsFlyerLib;
		};
/* End XCSwiftPackageProductDependency section */
	};
	rootObject = 539C4F982E88458800A6F569 /* Project object */;
}
